// !$*UTF8*$!
{
	archiveVersion = 1;
	classes = {
	};
	objectVersion = 77;
	objects = {

/* Begin PBXContainerItemProxy section */
		55936E532D6A48700006AC4A /* PBXContainerItemProxy */ = {
			isa = PBXContainerItemProxy;
			containerPortal = 55936E392D6A486F0006AC4A /* Project object */;
			proxyType = 1;
			remoteGlobalIDString = 55936E402D6A486F0006AC4A;
			remoteInfo = FlowerLabeler;
		};
		55936E5D2D6A48700006AC4A /* PBXContainerItemProxy */ = {
			isa = PBXContainerItemProxy;
			containerPortal = 55936E392D6A486F0006AC4A /* Project object */;
			proxyType = 1;
			remoteGlobalIDString = 55936E402D6A486F0006AC4A;
			remoteInfo = FlowerLabeler;
		};
/* End PBXContainerItemProxy section */

/* Begin PBXFileReference section */
		55936E412D6A486F0006AC4A /* FlowerLabeler.app */ = {isa = PBXFileReference; explicitFileType = wrapper.application; includeInIndex = 0; path = FlowerLabeler.app; sourceTree = BUILT_PRODUCTS_DIR; };
		55936E522D6A48700006AC4A /* FlowerLabelerTests.xctest */ = {isa = PBXFileReference; explicitFileType = wrapper.cfbundle; includeInIndex = 0; path = FlowerLabelerTests.xctest; sourceTree = BUILT_PRODUCTS_DIR; };
		55936E5C2D6A48700006AC4A /* FlowerLabelerUITests.xctest */ = {isa = PBXFileReference; explicitFileType = wrapper.cfbundle; includeInIndex = 0; path = FlowerLabelerUITests.xctest; sourceTree = BUILT_PRODUCTS_DIR; };
/* End PBXFileReference section */

/* Begin PBXFileSystemSynchronizedRootGroup section */
		55936E432D6A486F0006AC4A /* FlowerLabeler */ = {
			isa = PBXFileSystemSynchronizedRootGroup;
			path = FlowerLabeler;
			sourceTree = "<group>";
		};
		55936E552D6A48700006AC4A /* FlowerLabelerTests */ = {
			isa = PBXFileSystemSynchronizedRootGroup;
			path = FlowerLabelerTests;
			sourceTree = "<group>";
		};
		55936E5F2D6A48700006AC4A /* FlowerLabelerUITests */ = {
			isa = PBXFileSystemSynchronizedRootGroup;
			path = FlowerLabelerUITests;
			sourceTree = "<group>";
		};
/* End PBXFileSystemSynchronizedRootGroup section */

/* Begin PBXFrameworksBuildPhase section */
		55936E3E2D6A486F0006AC4A /* Frameworks */ = {
			isa = PBXFrameworksBuildPhase;
			buildActionMask = 2147483647;
			files = (
			);
			runOnlyForDeploymentPostprocessing = 0;
		};
		55936E4F2D6A48700006AC4A /* Frameworks */ = {
			isa = PBXFrameworksBuildPhase;
			buildActionMask = 2147483647;
			files = (
			);
			runOnlyForDeploymentPostprocessing = 0;
		};
		55936E592D6A48700006AC4A /* Frameworks */ = {
			isa = PBXFrameworksBuildPhase;
			buildActionMask = 2147483647;
			files = (
			);
			runOnlyForDeploymentPostprocessing = 0;
		};
/* End PBXFrameworksBuildPhase section */

/* Begin PBXGroup section */
		55936E382D6A486F0006AC4A = {
			isa = PBXGroup;
			children = (
				55936E432D6A486F0006AC4A /* FlowerLabeler */,
				55936E552D6A48700006AC4A /* FlowerLabelerTests */,
				55936E5F2D6A48700006AC4A /* FlowerLabelerUITests */,
				55936E422D6A486F0006AC4A /* Products */,
			);
			sourceTree = "<group>";
		};
		55936E422D6A486F0006AC4A /* Products */ = {
			isa = PBXGroup;
			children = (
				55936E412D6A486F0006AC4A /* FlowerLabeler.app */,
				55936E522D6A48700006AC4A /* FlowerLabelerTests.xctest */,
				55936E5C2D6A48700006AC4A /* FlowerLabelerUITests.xctest */,
			);
			name = Products;
			sourceTree = "<group>";
		};
/* End PBXGroup section */

/* Begin PBXNativeTarget section */
		55936E402D6A486F0006AC4A /* FlowerLabeler */ = {
			isa = PBXNativeTarget;
			buildConfigurationList = 55936E662D6A48700006AC4A /* Build configuration list for PBXNativeTarget "FlowerLabeler" */;
			buildPhases = (
				55936E3D2D6A486F0006AC4A /* Sources */,
				55936E3E2D6A486F0006AC4A /* Frameworks */,
				55936E3F2D6A486F0006AC4A /* Resources */,
			);
			buildRules = (
			);
			dependencies = (
			);
			fileSystemSynchronizedGroups = (
				55936E432D6A486F0006AC4A /* FlowerLabeler */,
			);
			name = FlowerLabeler;
			packageProductDependencies = (
			);
			productName = FlowerLabeler;
			productReference = 55936E412D6A486F0006AC4A /* FlowerLabeler.app */;
			productType = "com.apple.product-type.application";
		};
		55936E512D6A48700006AC4A /* FlowerLabelerTests */ = {
			isa = PBXNativeTarget;
			buildConfigurationList = 55936E692D6A48700006AC4A /* Build configuration list for PBXNativeTarget "FlowerLabelerTests" */;
			buildPhases = (
				55936E4E2D6A48700006AC4A /* Sources */,
				55936E4F2D6A48700006AC4A /* Frameworks */,
				55936E502D6A48700006AC4A /* Resources */,
			);
			buildRules = (
			);
			dependencies = (
				55936E542D6A48700006AC4A /* PBXTargetDependency */,
			);
			fileSystemSynchronizedGroups = (
				55936E552D6A48700006AC4A /* FlowerLabelerTests */,
			);
			name = FlowerLabelerTests;
			packageProductDependencies = (
			);
			productName = FlowerLabelerTests;
			productReference = 55936E522D6A48700006AC4A /* FlowerLabelerTests.xctest */;
			productType = "com.apple.product-type.bundle.unit-test";
		};
		55936E5B2D6A48700006AC4A /* FlowerLabelerUITests */ = {
			isa = PBXNativeTarget;
			buildConfigurationList = 55936E6C2D6A48700006AC4A /* Build configuration list for PBXNativeTarget "FlowerLabelerUITests" */;
			buildPhases = (
				55936E582D6A48700006AC4A /* Sources */,
				55936E592D6A48700006AC4A /* Frameworks */,
				55936E5A2D6A48700006AC4A /* Resources */,
			);
			buildRules = (
			);
			dependencies = (
				55936E5E2D6A48700006AC4A /* PBXTargetDependency */,
			);
			fileSystemSynchronizedGroups = (
				55936E5F2D6A48700006AC4A /* FlowerLabelerUITests */,
			);
			name = FlowerLabelerUITests;
			packageProductDependencies = (
			);
			productName = FlowerLabelerUITests;
			productReference = 55936E5C2D6A48700006AC4A /* FlowerLabelerUITests.xctest */;
			productType = "com.apple.product-type.bundle.ui-testing";
		};
/* End PBXNativeTarget section */

/* Begin PBXProject section */
		55936E392D6A486F0006AC4A /* Project object */ = {
			isa = PBXProject;
			attributes = {
				BuildIndependentTargetsInParallel = 1;
				LastSwiftUpdateCheck = 1620;
				LastUpgradeCheck = 1620;
				TargetAttributes = {
					55936E402D6A486F0006AC4A = {
						CreatedOnToolsVersion = 16.2;
					};
					55936E512D6A48700006AC4A = {
						CreatedOnToolsVersion = 16.2;
						TestTargetID = 55936E402D6A486F0006AC4A;
					};
					55936E5B2D6A48700006AC4A = {
						CreatedOnToolsVersion = 16.2;
						TestTargetID = 55936E402D6A486F0006AC4A;
					};
				};
			};
			buildConfigurationList = 55936E3C2D6A486F0006AC4A /* Build configuration list for PBXProject "FlowerLabeler" */;
			developmentRegion = en;
			hasScannedForEncodings = 0;
			knownRegions = (
				en,
				Base,
			);
			mainGroup = 55936E382D6A486F0006AC4A;
			minimizedProjectReferenceProxies = 1;
			preferredProjectObjectVersion = 77;
			productRefGroup = 55936E422D6A486F0006AC4A /* Products */;
			projectDirPath = "";
			projectRoot = "";
			targets = (
				55936E402D6A486F0006AC4A /* FlowerLabeler */,
				55936E512D6A48700006AC4A /* FlowerLabelerTests */,
				55936E5B2D6A48700006AC4A /* FlowerLabelerUITests */,
			);
		};
/* End PBXProject section */

/* Begin PBXResourcesBuildPhase section */
		55936E3F2D6A486F0006AC4A /* Resources */ = {
			isa = PBXResourcesBuildPhase;
			buildActionMask = 2147483647;
			files = (
			);
			runOnlyForDeploymentPostprocessing = 0;
		};
		55936E502D6A48700006AC4A /* Resources */ = {
			isa = PBXResourcesBuildPhase;
			buildActionMask = 2147483647;
			files = (
			);
			runOnlyForDeploymentPostprocessing = 0;
		};
		55936E5A2D6A48700006AC4A /* Resources */ = {
			isa = PBXResourcesBuildPhase;
			buildActionMask = 2147483647;
			files = (
			);
			runOnlyForDeploymentPostprocessing = 0;
		};
/* End PBXResourcesBuildPhase section */

/* Begin PBXSourcesBuildPhase section */
		55936E3D2D6A486F0006AC4A /* Sources */ = {
			isa = PBXSourcesBuildPhase;
			buildActionMask = 2147483647;
			files = (
			);
			runOnlyForDeploymentPostprocessing = 0;
		};
		55936E4E2D6A48700006AC4A /* Sources */ = {
			isa = PBXSourcesBuildPhase;
			buildActionMask = 2147483647;
			files = (
			);
			runOnlyForDeploymentPostprocessing = 0;
		};
		55936E582D6A48700006AC4A /* Sources */ = {
			isa = PBXSourcesBuildPhase;
			buildActionMask = 2147483647;
			files = (
			);
			runOnlyForDeploymentPostprocessing = 0;
		};
/* End PBXSourcesBuildPhase section */

/* Begin PBXTargetDependency section */
		55936E542D6A48700006AC4A /* PBXTargetDependency */ = {
			isa = PBXTargetDependency;
			target = 55936E402D6A486F0006AC4A /* FlowerLabeler */;
			targetProxy = 55936E532D6A48700006AC4A /* PBXContainerItemProxy */;
		};
		55936E5E2D6A48700006AC4A /* PBXTargetDependency */ = {
			isa = PBXTargetDependency;
			target = 55936E402D6A486F0006AC4A /* FlowerLabeler */;
			targetProxy = 55936E5D2D6A48700006AC4A /* PBXContainerItemProxy */;
		};
/* End PBXTargetDependency section */

/* Begin XCBuildConfiguration section */
		55936E642D6A48700006AC4A /* Debug */ = {
			isa = XCBuildConfiguration;
			buildSettings = {
				ALWAYS_SEARCH_USER_PATHS = NO;
				ASSETCATALOG_COMPILER_GENERATE_SWIFT_ASSET_SYMBOL_EXTENSIONS = YES;
				CLANG_ANALYZER_NONNULL = YES;
				CLANG_ANALYZER_NUMBER_OBJECT_CONVERSION = YES_AGGRESSIVE;
				CLANG_CXX_LANGUAGE_STANDARD = "gnu++20";
				CLANG_ENABLE_MODULES = YES;
				CLANG_ENABLE_OBJC_ARC = YES;
				CLANG_ENABLE_OBJC_WEAK = YES;
				CLANG_WARN_BLOCK_CAPTURE_AUTORELEASING = YES;
				CLANG_WARN_BOOL_CONVERSION = YES;
				CLANG_WARN_COMMA = YES;
				CLANG_WARN_CONSTANT_CONVERSION = YES;
				CLANG_WARN_DEPRECATED_OBJC_IMPLEMENTATIONS = YES;
				CLANG_WARN_DIRECT_OBJC_ISA_USAGE = YES_ERROR;
				CLANG_WARN_DOCUMENTATION_COMMENTS = YES;
				CLANG_WARN_EMPTY_BODY = YES;
				CLANG_WARN_ENUM_CONVERSION = YES;
				CLANG_WARN_INFINITE_RECURSION = YES;
				CLANG_WARN_INT_CONVERSION = YES;
				CLANG_WARN_NON_LITERAL_NULL_CONVERSION = YES;
				CLANG_WARN_OBJC_IMPLICIT_RETAIN_SELF = YES;
				CLANG_WARN_OBJC_LITERAL_CONVERSION = YES;
				CLANG_WARN_OBJC_ROOT_CLASS = YES_ERROR;
				CLANG_WARN_QUOTED_INCLUDE_IN_FRAMEWORK_HEADER = YES;
				CLANG_WARN_RANGE_LOOP_ANALYSIS = YES;
				CLANG_WARN_STRICT_PROTOTYPES = YES;
				CLANG_WARN_SUSPICIOUS_MOVE = YES;
				CLANG_WARN_UNGUARDED_AVAILABILITY = YES_AGGRESSIVE;
				CLANG_WARN_UNREACHABLE_CODE = YES;
				CLANG_WARN__DUPLICATE_METHOD_MATCH = YES;
				COPY_PHASE_STRIP = NO;
				DEBUG_INFORMATION_FORMAT = dwarf;
				ENABLE_STRICT_OBJC_MSGSEND = YES;
				ENABLE_TESTABILITY = YES;
				ENABLE_USER_SCRIPT_SANDBOXING = YES;
				GCC_C_LANGUAGE_STANDARD = gnu17;
				GCC_DYNAMIC_NO_PIC = NO;
				GCC_NO_COMMON_BLOCKS = YES;
				GCC_OPTIMIZATION_LEVEL = 0;
				GCC_PREPROCESSOR_DEFINITIONS = (
					"DEBUG=1",
					"$(inherited)",
				);
				GCC_WARN_64_TO_32_BIT_CONVERSION = YES;
				GCC_WARN_ABOUT_RETURN_TYPE = YES_ERROR;
				GCC_WARN_UNDECLARED_SELECTOR = YES;
				GCC_WARN_UNINITIALIZED_AUTOS = YES_AGGRESSIVE;
				GCC_WARN_UNUSED_FUNCTION = YES;
				GCC_WARN_UNUSED_VARIABLE = YES;
				LOCALIZATION_PREFERS_STRING_CATALOGS = YES;
				MACOSX_DEPLOYMENT_TARGET = 15.2;
				MTL_ENABLE_DEBUG_INFO = INCLUDE_SOURCE;
				MTL_FAST_MATH = YES;
				ONLY_ACTIVE_ARCH = YES;
				SDKROOT = macosx;
				SWIFT_ACTIVE_COMPILATION_CONDITIONS = "DEBUG $(inherited)";
				SWIFT_OPTIMIZATION_LEVEL = "-Onone";
			};
			name = Debug;
		};
		55936E652D6A48700006AC4A /* Release */ = {
			isa = XCBuildConfiguration;
			buildSettings = {
				ALWAYS_SEARCH_USER_PATHS = NO;
				ASSETCATALOG_COMPILER_GENERATE_SWIFT_ASSET_SYMBOL_EXTENSIONS = YES;
				CLANG_ANALYZER_NONNULL = YES;
				CLANG_ANALYZER_NUMBER_OBJECT_CONVERSION = YES_AGGRESSIVE;
				CLANG_CXX_LANGUAGE_STANDARD = "gnu++20";
				CLANG_ENABLE_MODULES = YES;
				CLANG_ENABLE_OBJC_ARC = YES;
				CLANG_ENABLE_OBJC_WEAK = YES;
				CLANG_WARN_BLOCK_CAPTURE_AUTORELEASING = YES;
				CLANG_WARN_BOOL_CONVERSION = YES;
				CLANG_WARN_COMMA = YES;
				CLANG_WARN_CONSTANT_CONVERSION = YES;
				CLANG_WARN_DEPRECATED_OBJC_IMPLEMENTATIONS = YES;
				CLANG_WARN_DIRECT_OBJC_ISA_USAGE = YES_ERROR;
				CLANG_WARN_DOCUMENTATION_COMMENTS = YES;
				CLANG_WARN_EMPTY_BODY = YES;
				CLANG_WARN_ENUM_CONVERSION = YES;
				CLANG_WARN_INFINITE_RECURSION = YES;
				CLANG_WARN_INT_CONVERSION = YES;
				CLANG_WARN_NON_LITERAL_NULL_CONVERSION = YES;
				CLANG_WARN_OBJC_IMPLICIT_RETAIN_SELF = YES;
				CLANG_WARN_OBJC_LITERAL_CONVERSION = YES;
				CLANG_WARN_OBJC_ROOT_CLASS = YES_ERROR;
				CLANG_WARN_QUOTED_INCLUDE_IN_FRAMEWORK_HEADER = YES;
				CLANG_WARN_RANGE_LOOP_ANALYSIS = YES;
				CLANG_WARN_STRICT_PROTOTYPES = YES;
				CLANG_WARN_SUSPICIOUS_MOVE = YES;
				CLANG_WARN_UNGUARDED_AVAILABILITY = YES_AGGRESSIVE;
				CLANG_WARN_UNREACHABLE_CODE = YES;
				CLANG_WARN__DUPLICATE_METHOD_MATCH = YES;
				COPY_PHASE_STRIP = NO;
				DEBUG_INFORMATION_FORMAT = "dwarf-with-dsym";
				ENABLE_NS_ASSERTIONS = NO;
				ENABLE_STRICT_OBJC_MSGSEND = YES;
				ENABLE_USER_SCRIPT_SANDBOXING = YES;
				GCC_C_LANGUAGE_STANDARD = gnu17;
				GCC_NO_COMMON_BLOCKS = YES;
				GCC_WARN_64_TO_32_BIT_CONVERSION = YES;
				GCC_WARN_ABOUT_RETURN_TYPE = YES_ERROR;
				GCC_WARN_UNDECLARED_SELECTOR = YES;
				GCC_WARN_UNINITIALIZED_AUTOS = YES_AGGRESSIVE;
				GCC_WARN_UNUSED_FUNCTION = YES;
				GCC_WARN_UNUSED_VARIABLE = YES;
				LOCALIZATION_PREFERS_STRING_CATALOGS = YES;
				MACOSX_DEPLOYMENT_TARGET = 15.2;
				MTL_ENABLE_DEBUG_INFO = NO;
				MTL_FAST_MATH = YES;
				SDKROOT = macosx;
				SWIFT_COMPILATION_MODE = wholemodule;
			};
			name = Release;
		};
		55936E672D6A48700006AC4A /* Debug */ = {
			isa = XCBuildConfiguration;
			buildSettings = {
				ASSETCATALOG_COMPILER_APPICON_NAME = AppIcon;
				ASSETCATALOG_COMPILER_GLOBAL_ACCENT_COLOR_NAME = AccentColor;
				CODE_SIGN_ENTITLEMENTS = FlowerLabeler/FlowerLabeler.entitlements;
				CODE_SIGN_STYLE = Automatic;
				COMBINE_HIDPI_IMAGES = YES;
				CURRENT_PROJECT_VERSION = 1;
				DEVELOPMENT_ASSET_PATHS = "\"FlowerLabeler/Preview Content\"";
				DEVELOPMENT_TEAM = H78QU2VYK7;
				ENABLE_HARDENED_RUNTIME = YES;
				ENABLE_PREVIEWS = YES;
				GENERATE_INFOPLIST_FILE = YES;
				INFOPLIST_KEY_NSHumanReadableCopyright = "";
				LD_RUNPATH_SEARCH_PATHS = (
					"$(inherited)",
					"@executable_path/../Frameworks",
				);
				MARKETING_VERSION = 1.0;
				PRODUCT_BUNDLE_IDENTIFIER = com.toasterwaffles.FlowerLabeler;
				PRODUCT_NAME = "$(TARGET_NAME)";
				SWIFT_EMIT_LOC_STRINGS = YES;
				SWIFT_VERSION = 5.0;
			};
			name = Debug;
		};
		55936E682D6A48700006AC4A /* Release */ = {
			isa = XCBuildConfiguration;
			buildSettings = {
				ASSETCATALOG_COMPILER_APPICON_NAME = AppIcon;
				ASSETCATALOG_COMPILER_GLOBAL_ACCENT_COLOR_NAME = AccentColor;
				CODE_SIGN_ENTITLEMENTS = FlowerLabeler/FlowerLabeler.entitlements;
				CODE_SIGN_STYLE = Automatic;
				COMBINE_HIDPI_IMAGES = YES;
				CURRENT_PROJECT_VERSION = 1;
				DEVELOPMENT_ASSET_PATHS = "\"FlowerLabeler/Preview Content\"";
				DEVELOPMENT_TEAM = H78QU2VYK7;
				ENABLE_HARDENED_RUNTIME = YES;
				ENABLE_PREVIEWS = YES;
				GENERATE_INFOPLIST_FILE = YES;
				INFOPLIST_KEY_NSHumanReadableCopyright = "";
				LD_RUNPATH_SEARCH_PATHS = (
					"$(inherited)",
					"@executable_path/../Frameworks",
				);
				MARKETING_VERSION = 1.0;
				PRODUCT_BUNDLE_IDENTIFIER = com.toasterwaffles.FlowerLabeler;
				PRODUCT_NAME = "$(TARGET_NAME)";
				SWIFT_EMIT_LOC_STRINGS = YES;
				SWIFT_VERSION = 5.0;
			};
			name = Release;
		};
		55936E6A2D6A48700006AC4A /* Debug */ = {
			isa = XCBuildConfiguration;
			buildSettings = {
				BUNDLE_LOADER = "$(TEST_HOST)";
				CODE_SIGN_STYLE = Automatic;
				CURRENT_PROJECT_VERSION = 1;
				DEVELOPMENT_TEAM = H78QU2VYK7;
				GENERATE_INFOPLIST_FILE = YES;
				MACOSX_DEPLOYMENT_TARGET = 15.2;
				MARKETING_VERSION = 1.0;
				PRODUCT_BUNDLE_IDENTIFIER = com.toasterwaffles.FlowerLabelerTests;
				PRODUCT_NAME = "$(TARGET_NAME)";
				SWIFT_EMIT_LOC_STRINGS = NO;
				SWIFT_VERSION = 5.0;
				TEST_HOST = "$(BUILT_PRODUCTS_DIR)/FlowerLabeler.app/$(BUNDLE_EXECUTABLE_FOLDER_PATH)/FlowerLabeler";
			};
			name = Debug;
		};
		55936E6B2D6A48700006AC4A /* Release */ = {
			isa = XCBuildConfiguration;
			buildSettings = {
				BUNDLE_LOADER = "$(TEST_HOST)";
				CODE_SIGN_STYLE = Automatic;
				CURRENT_PROJECT_VERSION = 1;
				DEVELOPMENT_TEAM = H78QU2VYK7;
				GENERATE_INFOPLIST_FILE = YES;
				MACOSX_DEPLOYMENT_TARGET = 15.2;
				MARKETING_VERSION = 1.0;
				PRODUCT_BUNDLE_IDENTIFIER = com.toasterwaffles.FlowerLabelerTests;
				PRODUCT_NAME = "$(TARGET_NAME)";
				SWIFT_EMIT_LOC_STRINGS = NO;
				SWIFT_VERSION = 5.0;
				TEST_HOST = "$(BUILT_PRODUCTS_DIR)/FlowerLabeler.app/$(BUNDLE_EXECUTABLE_FOLDER_PATH)/FlowerLabeler";
			};
			name = Release;
		};
		55936E6D2D6A48700006AC4A /* Debug */ = {
			isa = XCBuildConfiguration;
			buildSettings = {
				CODE_SIGN_STYLE = Automatic;
				CURRENT_PROJECT_VERSION = 1;
				DEVELOPMENT_TEAM = H78QU2VYK7;
				GENERATE_INFOPLIST_FILE = YES;
				MARKETING_VERSION = 1.0;
				PRODUCT_BUNDLE_IDENTIFIER = com.toasterwaffles.FlowerLabelerUITests;
				PRODUCT_NAME = "$(TARGET_NAME)";
				SWIFT_EMIT_LOC_STRINGS = NO;
				SWIFT_VERSION = 5.0;
				TEST_TARGET_NAME = FlowerLabeler;
			};
			name = Debug;
		};
		55936E6E2D6A48700006AC4A /* Release */ = {
			isa = XCBuildConfiguration;
			buildSettings = {
				CODE_SIGN_STYLE = Automatic;
				CURRENT_PROJECT_VERSION = 1;
				DEVELOPMENT_TEAM = H78QU2VYK7;
				GENERATE_INFOPLIST_FILE = YES;
				MARKETING_VERSION = 1.0;
				PRODUCT_BUNDLE_IDENTIFIER = com.toasterwaffles.FlowerLabelerUITests;
				PRODUCT_NAME = "$(TARGET_NAME)";
				SWIFT_EMIT_LOC_STRINGS = NO;
				SWIFT_VERSION = 5.0;
				TEST_TARGET_NAME = FlowerLabeler;
			};
			name = Release;
		};
/* End XCBuildConfiguration section */

/* Begin XCConfigurationList section */
		55936E3C2D6A486F0006AC4A /* Build configuration list for PBXProject "FlowerLabeler" */ = {
			isa = XCConfigurationList;
			buildConfigurations = (
				55936E642D6A48700006AC4A /* Debug */,
				55936E652D6A48700006AC4A /* Release */,
			);
			defaultConfigurationIsVisible = 0;
			defaultConfigurationName = Release;
		};
		55936E662D6A48700006AC4A /* Build configuration list for PBXNativeTarget "FlowerLabeler" */ = {
			isa = XCConfigurationList;
			buildConfigurations = (
				55936E672D6A48700006AC4A /* Debug */,
				55936E682D6A48700006AC4A /* Release */,
			);
			defaultConfigurationIsVisible = 0;
			defaultConfigurationName = Release;
		};
		55936E692D6A48700006AC4A /* Build configuration list for PBXNativeTarget "FlowerLabelerTests" */ = {
			isa = XCConfigurationList;
			buildConfigurations = (
				55936E6A2D6A48700006AC4A /* Debug */,
				55936E6B2D6A48700006AC4A /* Release */,
			);
			defaultConfigurationIsVisible = 0;
			defaultConfigurationName = Release;
		};
		55936E6C2D6A48700006AC4A /* Build configuration list for PBXNativeTarget "FlowerLabelerUITests" */ = {
			isa = XCConfigurationList;
			buildConfigurations = (
				55936E6D2D6A48700006AC4A /* Debug */,
				55936E6E2D6A48700006AC4A /* Release */,
			);
			defaultConfigurationIsVisible = 0;
			defaultConfigurationName = Release;
		};
/* End XCConfigurationList section */
	};
	rootObject = 55936E392D6A486F0006AC4A /* Project object */;
}
